// !$*UTF8*$!
{
	archiveVersion = 1;
	classes = {
	};
	objectVersion = 56;
	objects = {

/* Begin PBXBuildFile section */
		F2AF9F2929CBDDB300869D28 /* CurveTabBarDemoApp.swift in Sources */ = {isa = PBXBuildFile; fileRef = F2AF9F2829CBDDB300869D28 /* CurveTabBarDemoApp.swift */; };
		F2AF9F2B29CBDDB300869D28 /* TestReorderTabItemsPerSelection.swift in Sources */ = {isa = PBXBuildFile; fileRef = F2AF9F2A29CBDDB300869D28 /* TestReorderTabItemsPerSelection.swift */; };
		F2AF9F2D29CBDDB400869D28 /* Assets.xcassets in Resources */ = {isa = PBXBuildFile; fileRef = F2AF9F2C29CBDDB400869D28 /* Assets.xcassets */; };
		F2AF9F3129CBDDB400869D28 /* Preview Assets.xcassets in Resources */ = {isa = PBXBuildFile; fileRef = F2AF9F3029CBDDB400869D28 /* Preview Assets.xcassets */; };
		F2AF9F3B29CBDDB400869D28 /* CurveTabBarDemoTests.swift in Sources */ = {isa = PBXBuildFile; fileRef = F2AF9F3A29CBDDB400869D28 /* CurveTabBarDemoTests.swift */; };
		F2AF9F4529CBDDB400869D28 /* CurveTabBarDemoUITests.swift in Sources */ = {isa = PBXBuildFile; fileRef = F2AF9F4429CBDDB400869D28 /* CurveTabBarDemoUITests.swift */; };
		F2AF9F4729CBDDB400869D28 /* CurveTabBarDemoUITestsLaunchTests.swift in Sources */ = {isa = PBXBuildFile; fileRef = F2AF9F4629CBDDB400869D28 /* CurveTabBarDemoUITestsLaunchTests.swift */; };
/* End PBXBuildFile section */

/* Begin PBXContainerItemProxy section */
		F2AF9F3729CBDDB400869D28 /* PBXContainerItemProxy */ = {
			isa = PBXContainerItemProxy;
			containerPortal = F2AF9F1D29CBDDB300869D28 /* Project object */;
			proxyType = 1;
			remoteGlobalIDString = F2AF9F2429CBDDB300869D28;
			remoteInfo = CurveTabBarDemo;
		};
		F2AF9F4129CBDDB400869D28 /* PBXContainerItemProxy */ = {
			isa = PBXContainerItemProxy;
			containerPortal = F2AF9F1D29CBDDB300869D28 /* Project object */;
			proxyType = 1;
			remoteGlobalIDString = F2AF9F2429CBDDB300869D28;
			remoteInfo = CurveTabBarDemo;
		};
/* End PBXContainerItemProxy section */

/* Begin PBXFileReference section */
		F2AF9F2529CBDDB300869D28 /* CurveTabBarDemo.app */ = {isa = PBXFileReference; explicitFileType = wrapper.application; includeInIndex = 0; path = CurveTabBarDemo.app; sourceTree = BUILT_PRODUCTS_DIR; };
		F2AF9F2829CBDDB300869D28 /* CurveTabBarDemoApp.swift */ = {isa = PBXFileReference; lastKnownFileType = sourcecode.swift; path = CurveTabBarDemoApp.swift; sourceTree = "<group>"; };
		F2AF9F2A29CBDDB300869D28 /* TestReorderTabItemsPerSelection.swift */ = {isa = PBXFileReference; lastKnownFileType = sourcecode.swift; path = TestReorderTabItemsPerSelection.swift; sourceTree = "<group>"; };
		F2AF9F2C29CBDDB400869D28 /* Assets.xcassets */ = {isa = PBXFileReference; lastKnownFileType = folder.assetcatalog; path = Assets.xcassets; sourceTree = "<group>"; };
		F2AF9F2E29CBDDB400869D28 /* CurveTabBarDemo.entitlements */ = {isa = PBXFileReference; lastKnownFileType = text.plist.entitlements; path = CurveTabBarDemo.entitlements; sourceTree = "<group>"; };
		F2AF9F3029CBDDB400869D28 /* Preview Assets.xcassets */ = {isa = PBXFileReference; lastKnownFileType = folder.assetcatalog; path = "Preview Assets.xcassets"; sourceTree = "<group>"; };
		F2AF9F3629CBDDB400869D28 /* CurveTabBarDemoTests.xctest */ = {isa = PBXFileReference; explicitFileType = wrapper.cfbundle; includeInIndex = 0; path = CurveTabBarDemoTests.xctest; sourceTree = BUILT_PRODUCTS_DIR; };
		F2AF9F3A29CBDDB400869D28 /* CurveTabBarDemoTests.swift */ = {isa = PBXFileReference; lastKnownFileType = sourcecode.swift; path = CurveTabBarDemoTests.swift; sourceTree = "<group>"; };
		F2AF9F4029CBDDB400869D28 /* CurveTabBarDemoUITests.xctest */ = {isa = PBXFileReference; explicitFileType = wrapper.cfbundle; includeInIndex = 0; path = CurveTabBarDemoUITests.xctest; sourceTree = BUILT_PRODUCTS_DIR; };
		F2AF9F4429CBDDB400869D28 /* CurveTabBarDemoUITests.swift */ = {isa = PBXFileReference; lastKnownFileType = sourcecode.swift; path = CurveTabBarDemoUITests.swift; sourceTree = "<group>"; };
		F2AF9F4629CBDDB400869D28 /* CurveTabBarDemoUITestsLaunchTests.swift */ = {isa = PBXFileReference; lastKnownFileType = sourcecode.swift; path = CurveTabBarDemoUITestsLaunchTests.swift; sourceTree = "<group>"; };
/* End PBXFileReference section */

/* Begin PBXFrameworksBuildPhase section */
		F2AF9F2229CBDDB300869D28 /* Frameworks */ = {
			isa = PBXFrameworksBuildPhase;
			buildActionMask = 2147483647;
			files = (
			);
			runOnlyForDeploymentPostprocessing = 0;
		};
		F2AF9F3329CBDDB400869D28 /* Frameworks */ = {
			isa = PBXFrameworksBuildPhase;
			buildActionMask = 2147483647;
			files = (
			);
			runOnlyForDeploymentPostprocessing = 0;
		};
		F2AF9F3D29CBDDB400869D28 /* Frameworks */ = {
			isa = PBXFrameworksBuildPhase;
			buildActionMask = 2147483647;
			files = (
			);
			runOnlyForDeploymentPostprocessing = 0;
		};
/* End PBXFrameworksBuildPhase section */

/* Begin PBXGroup section */
		F2AF9F1C29CBDDB300869D28 = {
			isa = PBXGroup;
			children = (
				F2AF9F2729CBDDB300869D28 /* CurveTabBarDemo */,
				F2AF9F3929CBDDB400869D28 /* CurveTabBarDemoTests */,
				F2AF9F4329CBDDB400869D28 /* CurveTabBarDemoUITests */,
				F2AF9F2629CBDDB300869D28 /* Products */,
			);
			sourceTree = "<group>";
		};
		F2AF9F2629CBDDB300869D28 /* Products */ = {
			isa = PBXGroup;
			children = (
				F2AF9F2529CBDDB300869D28 /* CurveTabBarDemo.app */,
				F2AF9F3629CBDDB400869D28 /* CurveTabBarDemoTests.xctest */,
				F2AF9F4029CBDDB400869D28 /* CurveTabBarDemoUITests.xctest */,
			);
			name = Products;
			sourceTree = "<group>";
		};
		F2AF9F2729CBDDB300869D28 /* CurveTabBarDemo */ = {
			isa = PBXGroup;
			children = (
				F2AF9F2829CBDDB300869D28 /* CurveTabBarDemoApp.swift */,
				F2AF9F2A29CBDDB300869D28 /* TestReorderTabItemsPerSelection.swift */,
				F2AF9F2C29CBDDB400869D28 /* Assets.xcassets */,
				F2AF9F2E29CBDDB400869D28 /* CurveTabBarDemo.entitlements */,
				F2AF9F2F29CBDDB400869D28 /* Preview Content */,
			);
			path = CurveTabBarDemo;
			sourceTree = "<group>";
		};
		F2AF9F2F29CBDDB400869D28 /* Preview Content */ = {
			isa = PBXGroup;
			children = (
				F2AF9F3029CBDDB400869D28 /* Preview Assets.xcassets */,
			);
			path = "Preview Content";
			sourceTree = "<group>";
		};
		F2AF9F3929CBDDB400869D28 /* CurveTabBarDemoTests */ = {
			isa = PBXGroup;
			children = (
				F2AF9F3A29CBDDB400869D28 /* CurveTabBarDemoTests.swift */,
			);
			path = CurveTabBarDemoTests;
			sourceTree = "<group>";
		};
		F2AF9F4329CBDDB400869D28 /* CurveTabBarDemoUITests */ = {
			isa = PBXGroup;
			children = (
				F2AF9F4429CBDDB400869D28 /* CurveTabBarDemoUITests.swift */,
				F2AF9F4629CBDDB400869D28 /* CurveTabBarDemoUITestsLaunchTests.swift */,
			);
			path = CurveTabBarDemoUITests;
			sourceTree = "<group>";
		};
/* End PBXGroup section */

/* Begin PBXNativeTarget section */
		F2AF9F2429CBDDB300869D28 /* CurveTabBarDemo */ = {
			isa = PBXNativeTarget;
			buildConfigurationList = F2AF9F4A29CBDDB400869D28 /* Build configuration list for PBXNativeTarget "CurveTabBarDemo" */;
			buildPhases = (
				F2AF9F2129CBDDB300869D28 /* Sources */,
				F2AF9F2229CBDDB300869D28 /* Frameworks */,
				F2AF9F2329CBDDB300869D28 /* Resources */,
			);
			buildRules = (
			);
			dependencies = (
			);
			name = CurveTabBarDemo;
			productName = CurveTabBarDemo;
			productReference = F2AF9F2529CBDDB300869D28 /* CurveTabBarDemo.app */;
			productType = "com.apple.product-type.application";
		};
		F2AF9F3529CBDDB400869D28 /* CurveTabBarDemoTests */ = {
			isa = PBXNativeTarget;
			buildConfigurationList = F2AF9F4D29CBDDB400869D28 /* Build configuration list for PBXNativeTarget "CurveTabBarDemoTests" */;
			buildPhases = (
				F2AF9F3229CBDDB400869D28 /* Sources */,
				F2AF9F3329CBDDB400869D28 /* Frameworks */,
				F2AF9F3429CBDDB400869D28 /* Resources */,
			);
			buildRules = (
			);
			dependencies = (
				F2AF9F3829CBDDB400869D28 /* PBXTargetDependency */,
			);
			name = CurveTabBarDemoTests;
			productName = CurveTabBarDemoTests;
			productReference = F2AF9F3629CBDDB400869D28 /* CurveTabBarDemoTests.xctest */;
			productType = "com.apple.product-type.bundle.unit-test";
		};
		F2AF9F3F29CBDDB400869D28 /* CurveTabBarDemoUITests */ = {
			isa = PBXNativeTarget;
			buildConfigurationList = F2AF9F5029CBDDB400869D28 /* Build configuration list for PBXNativeTarget "CurveTabBarDemoUITests" */;
			buildPhases = (
				F2AF9F3C29CBDDB400869D28 /* Sources */,
				F2AF9F3D29CBDDB400869D28 /* Frameworks */,
				F2AF9F3E29CBDDB400869D28 /* Resources */,
			);
			buildRules = (
			);
			dependencies = (
				F2AF9F4229CBDDB400869D28 /* PBXTargetDependency */,
			);
			name = CurveTabBarDemoUITests;
			productName = CurveTabBarDemoUITests;
			productReference = F2AF9F4029CBDDB400869D28 /* CurveTabBarDemoUITests.xctest */;
			productType = "com.apple.product-type.bundle.ui-testing";
		};
/* End PBXNativeTarget section */

/* Begin PBXProject section */
		F2AF9F1D29CBDDB300869D28 /* Project object */ = {
			isa = PBXProject;
			attributes = {
				BuildIndependentTargetsInParallel = 1;
				LastSwiftUpdateCheck = 1420;
				LastUpgradeCheck = 1420;
				TargetAttributes = {
					F2AF9F2429CBDDB300869D28 = {
						CreatedOnToolsVersion = 14.2;
					};
					F2AF9F3529CBDDB400869D28 = {
						CreatedOnToolsVersion = 14.2;
						TestTargetID = F2AF9F2429CBDDB300869D28;
					};
					F2AF9F3F29CBDDB400869D28 = {
						CreatedOnToolsVersion = 14.2;
						TestTargetID = F2AF9F2429CBDDB300869D28;
					};
				};
			};
			buildConfigurationList = F2AF9F2029CBDDB300869D28 /* Build configuration list for PBXProject "CurveTabBarDemo" */;
			compatibilityVersion = "Xcode 14.0";
			developmentRegion = en;
			hasScannedForEncodings = 0;
			knownRegions = (
				en,
				Base,
			);
			mainGroup = F2AF9F1C29CBDDB300869D28;
			productRefGroup = F2AF9F2629CBDDB300869D28 /* Products */;
			projectDirPath = "";
			projectRoot = "";
			targets = (
				F2AF9F2429CBDDB300869D28 /* CurveTabBarDemo */,
				F2AF9F3529CBDDB400869D28 /* CurveTabBarDemoTests */,
				F2AF9F3F29CBDDB400869D28 /* CurveTabBarDemoUITests */,
			);
		};
/* End PBXProject section */

/* Begin PBXResourcesBuildPhase section */
		F2AF9F2329CBDDB300869D28 /* Resources */ = {
			isa = PBXResourcesBuildPhase;
			buildActionMask = 2147483647;
			files = (
				F2AF9F3129CBDDB400869D28 /* Preview Assets.xcassets in Resources */,
				F2AF9F2D29CBDDB400869D28 /* Assets.xcassets in Resources */,
			);
			runOnlyForDeploymentPostprocessing = 0;
		};
		F2AF9F3429CBDDB400869D28 /* Resources */ = {
			isa = PBXResourcesBuildPhase;
			buildActionMask = 2147483647;
			files = (
			);
			runOnlyForDeploymentPostprocessing = 0;
		};
		F2AF9F3E29CBDDB400869D28 /* Resources */ = {
			isa = PBXResourcesBuildPhase;
			buildActionMask = 2147483647;
			files = (
			);
			runOnlyForDeploymentPostprocessing = 0;
		};
/* End PBXResourcesBuildPhase section */

/* Begin PBXSourcesBuildPhase section */
		F2AF9F2129CBDDB300869D28 /* Sources */ = {
			isa = PBXSourcesBuildPhase;
			buildActionMask = 2147483647;
			files = (
				F2AF9F2B29CBDDB300869D28 /* TestReorderTabItemsPerSelection.swift in Sources */,
				F2AF9F2929CBDDB300869D28 /* CurveTabBarDemoApp.swift in Sources */,
			);
			runOnlyForDeploymentPostprocessing = 0;
		};
		F2AF9F3229CBDDB400869D28 /* Sources */ = {
			isa = PBXSourcesBuildPhase;
			buildActionMask = 2147483647;
			files = (
				F2AF9F3B29CBDDB400869D28 /* CurveTabBarDemoTests.swift in Sources */,
			);
			runOnlyForDeploymentPostprocessing = 0;
		};
		F2AF9F3C29CBDDB400869D28 /* Sources */ = {
			isa = PBXSourcesBuildPhase;
			buildActionMask = 2147483647;
			files = (
				F2AF9F4529CBDDB400869D28 /* CurveTabBarDemoUITests.swift in Sources */,
				F2AF9F4729CBDDB400869D28 /* CurveTabBarDemoUITestsLaunchTests.swift in Sources */,
			);
			runOnlyForDeploymentPostprocessing = 0;
		};
/* End PBXSourcesBuildPhase section */

/* Begin PBXTargetDependency section */
		F2AF9F3829CBDDB400869D28 /* PBXTargetDependency */ = {
			isa = PBXTargetDependency;
			target = F2AF9F2429CBDDB300869D28 /* CurveTabBarDemo */;
			targetProxy = F2AF9F3729CBDDB400869D28 /* PBXContainerItemProxy */;
		};
		F2AF9F4229CBDDB400869D28 /* PBXTargetDependency */ = {
			isa = PBXTargetDependency;
			target = F2AF9F2429CBDDB300869D28 /* CurveTabBarDemo */;
			targetProxy = F2AF9F4129CBDDB400869D28 /* PBXContainerItemProxy */;
		};
/* End PBXTargetDependency section */

/* Begin XCBuildConfiguration section */
		F2AF9F4829CBDDB400869D28 /* Debug */ = {
			isa = XCBuildConfiguration;
			buildSettings = {
				ALWAYS_SEARCH_USER_PATHS = NO;
				CLANG_ANALYZER_NONNULL = YES;
				CLANG_ANALYZER_NUMBER_OBJECT_CONVERSION = YES_AGGRESSIVE;
				CLANG_CXX_LANGUAGE_STANDARD = "gnu++20";
				CLANG_ENABLE_MODULES = YES;
				CLANG_ENABLE_OBJC_ARC = YES;
				CLANG_ENABLE_OBJC_WEAK = YES;
				CLANG_WARN_BLOCK_CAPTURE_AUTORELEASING = YES;
				CLANG_WARN_BOOL_CONVERSION = YES;
				CLANG_WARN_COMMA = YES;
				CLANG_WARN_CONSTANT_CONVERSION = YES;
				CLANG_WARN_DEPRECATED_OBJC_IMPLEMENTATIONS = YES;
				CLANG_WARN_DIRECT_OBJC_ISA_USAGE = YES_ERROR;
				CLANG_WARN_DOCUMENTATION_COMMENTS = YES;
				CLANG_WARN_EMPTY_BODY = YES;
				CLANG_WARN_ENUM_CONVERSION = YES;
				CLANG_WARN_INFINITE_RECURSION = YES;
				CLANG_WARN_INT_CONVERSION = YES;
				CLANG_WARN_NON_LITERAL_NULL_CONVERSION = YES;
				CLANG_WARN_OBJC_IMPLICIT_RETAIN_SELF = YES;
				CLANG_WARN_OBJC_LITERAL_CONVERSION = YES;
				CLANG_WARN_OBJC_ROOT_CLASS = YES_ERROR;
				CLANG_WARN_QUOTED_INCLUDE_IN_FRAMEWORK_HEADER = YES;
				CLANG_WARN_RANGE_LOOP_ANALYSIS = YES;
				CLANG_WARN_STRICT_PROTOTYPES = YES;
				CLANG_WARN_SUSPICIOUS_MOVE = YES;
				CLANG_WARN_UNGUARDED_AVAILABILITY = YES_AGGRESSIVE;
				CLANG_WARN_UNREACHABLE_CODE = YES;
				CLANG_WARN__DUPLICATE_METHOD_MATCH = YES;
				COPY_PHASE_STRIP = NO;
				DEBUG_INFORMATION_FORMAT = dwarf;
				ENABLE_STRICT_OBJC_MSGSEND = YES;
				ENABLE_TESTABILITY = YES;
				GCC_C_LANGUAGE_STANDARD = gnu11;
				GCC_DYNAMIC_NO_PIC = NO;
				GCC_NO_COMMON_BLOCKS = YES;
				GCC_OPTIMIZATION_LEVEL = 0;
				GCC_PREPROCESSOR_DEFINITIONS = (
					"DEBUG=1",
					"$(inherited)",
				);
				GCC_WARN_64_TO_32_BIT_CONVERSION = YES;
				GCC_WARN_ABOUT_RETURN_TYPE = YES_ERROR;
				GCC_WARN_UNDECLARED_SELECTOR = YES;
				GCC_WARN_UNINITIALIZED_AUTOS = YES_AGGRESSIVE;
				GCC_WARN_UNUSED_FUNCTION = YES;
				GCC_WARN_UNUSED_VARIABLE = YES;
				MTL_ENABLE_DEBUG_INFO = INCLUDE_SOURCE;
				MTL_FAST_MATH = YES;
				ONLY_ACTIVE_ARCH = YES;
				SWIFT_ACTIVE_COMPILATION_CONDITIONS = DEBUG;
				SWIFT_OPTIMIZATION_LEVEL = "-Onone";
			};
			name = Debug;
		};
		F2AF9F4929CBDDB400869D28 /* Release */ = {
			isa = XCBuildConfiguration;
			buildSettings = {
				ALWAYS_SEARCH_USER_PATHS = NO;
				CLANG_ANALYZER_NONNULL = YES;
				CLANG_ANALYZER_NUMBER_OBJECT_CONVERSION = YES_AGGRESSIVE;
				CLANG_CXX_LANGUAGE_STANDARD = "gnu++20";
				CLANG_ENABLE_MODULES = YES;
				CLANG_ENABLE_OBJC_ARC = YES;
				CLANG_ENABLE_OBJC_WEAK = YES;
				CLANG_WARN_BLOCK_CAPTURE_AUTORELEASING = YES;
				CLANG_WARN_BOOL_CONVERSION = YES;
				CLANG_WARN_COMMA = YES;
				CLANG_WARN_CONSTANT_CONVERSION = YES;
				CLANG_WARN_DEPRECATED_OBJC_IMPLEMENTATIONS = YES;
				CLANG_WARN_DIRECT_OBJC_ISA_USAGE = YES_ERROR;
				CLANG_WARN_DOCUMENTATION_COMMENTS = YES;
				CLANG_WARN_EMPTY_BODY = YES;
				CLANG_WARN_ENUM_CONVERSION = YES;
				CLANG_WARN_INFINITE_RECURSION = YES;
				CLANG_WARN_INT_CONVERSION = YES;
				CLANG_WARN_NON_LITERAL_NULL_CONVERSION = YES;
				CLANG_WARN_OBJC_IMPLICIT_RETAIN_SELF = YES;
				CLANG_WARN_OBJC_LITERAL_CONVERSION = YES;
				CLANG_WARN_OBJC_ROOT_CLASS = YES_ERROR;
				CLANG_WARN_QUOTED_INCLUDE_IN_FRAMEWORK_HEADER = YES;
				CLANG_WARN_RANGE_LOOP_ANALYSIS = YES;
				CLANG_WARN_STRICT_PROTOTYPES = YES;
				CLANG_WARN_SUSPICIOUS_MOVE = YES;
				CLANG_WARN_UNGUARDED_AVAILABILITY = YES_AGGRESSIVE;
				CLANG_WARN_UNREACHABLE_CODE = YES;
				CLANG_WARN__DUPLICATE_METHOD_MATCH = YES;
				COPY_PHASE_STRIP = NO;
				DEBUG_INFORMATION_FORMAT = "dwarf-with-dsym";
				ENABLE_NS_ASSERTIONS = NO;
				ENABLE_STRICT_OBJC_MSGSEND = YES;
				GCC_C_LANGUAGE_STANDARD = gnu11;
				GCC_NO_COMMON_BLOCKS = YES;
				GCC_WARN_64_TO_32_BIT_CONVERSION = YES;
				GCC_WARN_ABOUT_RETURN_TYPE = YES_ERROR;
				GCC_WARN_UNDECLARED_SELECTOR = YES;
				GCC_WARN_UNINITIALIZED_AUTOS = YES_AGGRESSIVE;
				GCC_WARN_UNUSED_FUNCTION = YES;
				GCC_WARN_UNUSED_VARIABLE = YES;
				MTL_ENABLE_DEBUG_INFO = NO;
				MTL_FAST_MATH = YES;
				SWIFT_COMPILATION_MODE = wholemodule;
				SWIFT_OPTIMIZATION_LEVEL = "-O";
			};
			name = Release;
		};
		F2AF9F4B29CBDDB400869D28 /* Debug */ = {
			isa = XCBuildConfiguration;
			buildSettings = {
				ASSETCATALOG_COMPILER_APPICON_NAME = AppIcon;
				ASSETCATALOG_COMPILER_GLOBAL_ACCENT_COLOR_NAME = AccentColor;
				CODE_SIGN_ENTITLEMENTS = CurveTabBarDemo/CurveTabBarDemo.entitlements;
				CODE_SIGN_STYLE = Automatic;
				CURRENT_PROJECT_VERSION = 1;
				DEVELOPMENT_ASSET_PATHS = "\"CurveTabBarDemo/Preview Content\"";
				DEVELOPMENT_TEAM = VT9QW74UCT;
				ENABLE_HARDENED_RUNTIME = YES;
				ENABLE_PREVIEWS = YES;
				GENERATE_INFOPLIST_FILE = YES;
				"INFOPLIST_KEY_UIApplicationSceneManifest_Generation[sdk=iphoneos*]" = YES;
				"INFOPLIST_KEY_UIApplicationSceneManifest_Generation[sdk=iphonesimulator*]" = YES;
				"INFOPLIST_KEY_UIApplicationSupportsIndirectInputEvents[sdk=iphoneos*]" = YES;
				"INFOPLIST_KEY_UIApplicationSupportsIndirectInputEvents[sdk=iphonesimulator*]" = YES;
				"INFOPLIST_KEY_UILaunchScreen_Generation[sdk=iphoneos*]" = YES;
				"INFOPLIST_KEY_UILaunchScreen_Generation[sdk=iphonesimulator*]" = YES;
				"INFOPLIST_KEY_UIStatusBarStyle[sdk=iphoneos*]" = UIStatusBarStyleDefault;
				"INFOPLIST_KEY_UIStatusBarStyle[sdk=iphonesimulator*]" = UIStatusBarStyleDefault;
				INFOPLIST_KEY_UISupportedInterfaceOrientations_iPad = "UIInterfaceOrientationPortrait UIInterfaceOrientationPortraitUpsideDown UIInterfaceOrientationLandscapeLeft UIInterfaceOrientationLandscapeRight";
				INFOPLIST_KEY_UISupportedInterfaceOrientations_iPhone = "UIInterfaceOrientationPortrait UIInterfaceOrientationLandscapeLeft UIInterfaceOrientationLandscapeRight";
				IPHONEOS_DEPLOYMENT_TARGET = 16.2;
				LD_RUNPATH_SEARCH_PATHS = "@executable_path/Frameworks";
				"LD_RUNPATH_SEARCH_PATHS[sdk=macosx*]" = "@executable_path/../Frameworks";
				MACOSX_DEPLOYMENT_TARGET = 13.1;
				MARKETING_VERSION = 1.0;
				PRODUCT_BUNDLE_IDENTIFIER = DevOp.CurveTabBarDemo;
				PRODUCT_NAME = "$(TARGET_NAME)";
				SDKROOT = auto;
				SUPPORTED_PLATFORMS = "iphoneos iphonesimulator macosx";
				SWIFT_EMIT_LOC_STRINGS = YES;
				SWIFT_VERSION = 5.0;
				TARGETED_DEVICE_FAMILY = "1,2";
			};
			name = Debug;
		};
		F2AF9F4C29CBDDB400869D28 /* Release */ = {
			isa = XCBuildConfiguration;
			buildSettings = {
				ASSETCATALOG_COMPILER_APPICON_NAME = AppIcon;
				ASSETCATALOG_COMPILER_GLOBAL_ACCENT_COLOR_NAME = AccentColor;
				CODE_SIGN_ENTITLEMENTS = CurveTabBarDemo/CurveTabBarDemo.entitlements;
				CODE_SIGN_STYLE = Automatic;
				CURRENT_PROJECT_VERSION = 1;
				DEVELOPMENT_ASSET_PATHS = "\"CurveTabBarDemo/Preview Content\"";
				DEVELOPMENT_TEAM = VT9QW74UCT;
				ENABLE_HARDENED_RUNTIME = YES;
				ENABLE_PREVIEWS = YES;
				GENERATE_INFOPLIST_FILE = YES;
				"INFOPLIST_KEY_UIApplicationSceneManifest_Generation[sdk=iphoneos*]" = YES;
				"INFOPLIST_KEY_UIApplicationSceneManifest_Generation[sdk=iphonesimulator*]" = YES;
				"INFOPLIST_KEY_UIApplicationSupportsIndirectInputEvents[sdk=iphoneos*]" = YES;
				"INFOPLIST_KEY_UIApplicationSupportsIndirectInputEvents[sdk=iphonesimulator*]" = YES;
				"INFOPLIST_KEY_UILaunchScreen_Generation[sdk=iphoneos*]" = YES;
				"INFOPLIST_KEY_UILaunchScreen_Generation[sdk=iphonesimulator*]" = YES;
				"INFOPLIST_KEY_UIStatusBarStyle[sdk=iphoneos*]" = UIStatusBarStyleDefault;
				"INFOPLIST_KEY_UIStatusBarStyle[sdk=iphonesimulator*]" = UIStatusBarStyleDefault;
				INFOPLIST_KEY_UISupportedInterfaceOrientations_iPad = "UIInterfaceOrientationPortrait UIInterfaceOrientationPortraitUpsideDown UIInterfaceOrientationLandscapeLeft UIInterfaceOrientationLandscapeRight";
				INFOPLIST_KEY_UISupportedInterfaceOrientations_iPhone = "UIInterfaceOrientationPortrait UIInterfaceOrientationLandscapeLeft UIInterfaceOrientationLandscapeRight";
				IPHONEOS_DEPLOYMENT_TARGET = 16.2;
				LD_RUNPATH_SEARCH_PATHS = "@executable_path/Frameworks";
				"LD_RUNPATH_SEARCH_PATHS[sdk=macosx*]" = "@executable_path/../Frameworks";
				MACOSX_DEPLOYMENT_TARGET = 13.1;
				MARKETING_VERSION = 1.0;
				PRODUCT_BUNDLE_IDENTIFIER = DevOp.CurveTabBarDemo;
				PRODUCT_NAME = "$(TARGET_NAME)";
				SDKROOT = auto;
				SUPPORTED_PLATFORMS = "iphoneos iphonesimulator macosx";
				SWIFT_EMIT_LOC_STRINGS = YES;
				SWIFT_VERSION = 5.0;
				TARGETED_DEVICE_FAMILY = "1,2";
			};
			name = Release;
		};
		F2AF9F4E29CBDDB400869D28 /* Debug */ = {
			isa = XCBuildConfiguration;
			buildSettings = {
				ALWAYS_EMBED_SWIFT_STANDARD_LIBRARIES = YES;
				BUNDLE_LOADER = "$(TEST_HOST)";
				CODE_SIGN_STYLE = Automatic;
				CURRENT_PROJECT_VERSION = 1;
				DEVELOPMENT_TEAM = VT9QW74UCT;
				GENERATE_INFOPLIST_FILE = YES;
				IPHONEOS_DEPLOYMENT_TARGET = 16.2;
				MACOSX_DEPLOYMENT_TARGET = 13.1;
				MARKETING_VERSION = 1.0;
				PRODUCT_BUNDLE_IDENTIFIER = DevOp.CurveTabBarDemoTests;
				PRODUCT_NAME = "$(TARGET_NAME)";
				SDKROOT = auto;
				SUPPORTED_PLATFORMS = "iphoneos iphonesimulator macosx";
				SWIFT_EMIT_LOC_STRINGS = NO;
				SWIFT_VERSION = 5.0;
				TARGETED_DEVICE_FAMILY = "1,2";
				TEST_HOST = "$(BUILT_PRODUCTS_DIR)/CurveTabBarDemo.app/$(BUNDLE_EXECUTABLE_FOLDER_PATH)/CurveTabBarDemo";
			};
			name = Debug;
		};
		F2AF9F4F29CBDDB400869D28 /* Release */ = {
			isa = XCBuildConfiguration;
			buildSettings = {
				ALWAYS_EMBED_SWIFT_STANDARD_LIBRARIES = YES;
				BUNDLE_LOADER = "$(TEST_HOST)";
				CODE_SIGN_STYLE = Automatic;
				CURRENT_PROJECT_VERSION = 1;
				DEVELOPMENT_TEAM = VT9QW74UCT;
				GENERATE_INFOPLIST_FILE = YES;
				IPHONEOS_DEPLOYMENT_TARGET = 16.2;
				MACOSX_DEPLOYMENT_TARGET = 13.1;
				MARKETING_VERSION = 1.0;
				PRODUCT_BUNDLE_IDENTIFIER = DevOp.CurveTabBarDemoTests;
				PRODUCT_NAME = "$(TARGET_NAME)";
				SDKROOT = auto;
				SUPPORTED_PLATFORMS = "iphoneos iphonesimulator macosx";
				SWIFT_EMIT_LOC_STRINGS = NO;
				SWIFT_VERSION = 5.0;
				TARGETED_DEVICE_FAMILY = "1,2";
				TEST_HOST = "$(BUILT_PRODUCTS_DIR)/CurveTabBarDemo.app/$(BUNDLE_EXECUTABLE_FOLDER_PATH)/CurveTabBarDemo";
			};
			name = Release;
		};
		F2AF9F5129CBDDB400869D28 /* Debug */ = {
			isa = XCBuildConfiguration;
			buildSettings = {
				ALWAYS_EMBED_SWIFT_STANDARD_LIBRARIES = YES;
				CODE_SIGN_STYLE = Automatic;
				CURRENT_PROJECT_VERSION = 1;
				DEVELOPMENT_TEAM = VT9QW74UCT;
				GENERATE_INFOPLIST_FILE = YES;
				IPHONEOS_DEPLOYMENT_TARGET = 16.2;
				MACOSX_DEPLOYMENT_TARGET = 13.1;
				MARKETING_VERSION = 1.0;
				PRODUCT_BUNDLE_IDENTIFIER = DevOp.CurveTabBarDemoUITests;
				PRODUCT_NAME = "$(TARGET_NAME)";
				SDKROOT = auto;
				SUPPORTED_PLATFORMS = "iphoneos iphonesimulator macosx";
				SWIFT_EMIT_LOC_STRINGS = NO;
				SWIFT_VERSION = 5.0;
				TARGETED_DEVICE_FAMILY = "1,2";
				TEST_TARGET_NAME = CurveTabBarDemo;
			};
			name = Debug;
		};
		F2AF9F5229CBDDB400869D28 /* Release */ = {
			isa = XCBuildConfiguration;
			buildSettings = {
				ALWAYS_EMBED_SWIFT_STANDARD_LIBRARIES = YES;
				CODE_SIGN_STYLE = Automatic;
				CURRENT_PROJECT_VERSION = 1;
				DEVELOPMENT_TEAM = VT9QW74UCT;
				GENERATE_INFOPLIST_FILE = YES;
				IPHONEOS_DEPLOYMENT_TARGET = 16.2;
				MACOSX_DEPLOYMENT_TARGET = 13.1;
				MARKETING_VERSION = 1.0;
				PRODUCT_BUNDLE_IDENTIFIER = DevOp.CurveTabBarDemoUITests;
				PRODUCT_NAME = "$(TARGET_NAME)";
				SDKROOT = auto;
				SUPPORTED_PLATFORMS = "iphoneos iphonesimulator macosx";
				SWIFT_EMIT_LOC_STRINGS = NO;
				SWIFT_VERSION = 5.0;
				TARGETED_DEVICE_FAMILY = "1,2";
				TEST_TARGET_NAME = CurveTabBarDemo;
			};
			name = Release;
		};
/* End XCBuildConfiguration section */

/* Begin XCConfigurationList section */
		F2AF9F2029CBDDB300869D28 /* Build configuration list for PBXProject "CurveTabBarDemo" */ = {
			isa = XCConfigurationList;
			buildConfigurations = (
				F2AF9F4829CBDDB400869D28 /* Debug */,
				F2AF9F4929CBDDB400869D28 /* Release */,
			);
			defaultConfigurationIsVisible = 0;
			defaultConfigurationName = Release;
		};
		F2AF9F4A29CBDDB400869D28 /* Build configuration list for PBXNativeTarget "CurveTabBarDemo" */ = {
			isa = XCConfigurationList;
			buildConfigurations = (
				F2AF9F4B29CBDDB400869D28 /* Debug */,
				F2AF9F4C29CBDDB400869D28 /* Release */,
			);
			defaultConfigurationIsVisible = 0;
			defaultConfigurationName = Release;
		};
		F2AF9F4D29CBDDB400869D28 /* Build configuration list for PBXNativeTarget "CurveTabBarDemoTests" */ = {
			isa = XCConfigurationList;
			buildConfigurations = (
				F2AF9F4E29CBDDB400869D28 /* Debug */,
				F2AF9F4F29CBDDB400869D28 /* Release */,
			);
			defaultConfigurationIsVisible = 0;
			defaultConfigurationName = Release;
		};
		F2AF9F5029CBDDB400869D28 /* Build configuration list for PBXNativeTarget "CurveTabBarDemoUITests" */ = {
			isa = XCConfigurationList;
			buildConfigurations = (
				F2AF9F5129CBDDB400869D28 /* Debug */,
				F2AF9F5229CBDDB400869D28 /* Release */,
			);
			defaultConfigurationIsVisible = 0;
			defaultConfigurationName = Release;
		};
/* End XCConfigurationList section */
	};
	rootObject = F2AF9F1D29CBDDB300869D28 /* Project object */;
}
